
Microsoft Visual Studio Solution File, Format Version 12.00
# Visual Studio Version 16
VisualStudioVersion = 16.0.30011.22
MinimumVisualStudioVersion = 10.0.40219.1
Project("{9A19103F-16F7-4668-BE54-9A1E7A4F7556}") = "DrawingApp", "DrawingApp.csproj", "{F7369214-8DBC-4EC6-9FB5-50D02F9A62A7}"
EndProject
Project("{9A19103F-16F7-4668-BE54-9A1E7A4F7556}") = "DrawnigContracts", "..\DrawnigContracts\DrawnigContracts.csproj", "{B8FE2E01-3500-4CD3-B1B3-E7DDB3FB8AA9}"
EndProject
Project("{2150E333-8FDC-42A3-9474-1A3956D46DE8}") = "BLL", "BLL", "{2BC34387-6248-4BC2-8EB5-32BD6DDBC809}"
EndProject
Project("{9A19103F-16F7-4668-BE54-9A1E7A4F7556}") = "UsersService", "..\UsersService\UsersService.csproj", "{D636C81A-BD13-4109-852F-963D7C9D762E}"
EndProject
Project("{9A19103F-16F7-4668-BE54-9A1E7A4F7556}") = "UsersDal", "..\UsersDal\UsersDal.csproj", "{4573989B-7AAA-4D54-9DAE-6AB2DA76AB5C}"
EndProject
Project("{9A19103F-16F7-4668-BE54-9A1E7A4F7556}") = "DrawingDalService", "..\DrawingDalService\DrawingDalService.csproj", "{984BA95D-EC2D-4C18-A5FD-F89499251A61}"
EndProject
Project("{2150E333-8FDC-42A3-9474-1A3956D46DE8}") = "DAL", "DAL", "{26698CCA-2202-4442-8F8A-6A1288496932}"
EndProject
Project("{9A19103F-16F7-4668-BE54-9A1E7A4F7556}") = "DocumentsDal", "..\DocumentsDal\DocumentsDal.csproj", "{65E511EA-D6DC-481F-A1C5-9FBB10C60C0D}"
EndProject
Project("{9A19103F-16F7-4668-BE54-9A1E7A4F7556}") = "DocumentService", "..\DocumentService\DocumentService.csproj", "{F4BB27D2-30E0-47E4-98E0-C9D14B9D9E17}"
EndProject
Project("{9A19103F-16F7-4668-BE54-9A1E7A4F7556}") = "GenerateIdService", "..\GenerateIdService\GenerateIdService.csproj", "{8A983986-8E0F-499E-8461-EBEC34ACEE63}"
EndProject
Project("{9A19103F-16F7-4668-BE54-9A1E7A4F7556}") = "ImageService", "..\ImageService\ImageService.csproj", "{DB4568AF-C08C-4DC7-8B25-D0DDC8B26860}"
EndProject
Project("{9A19103F-16F7-4668-BE54-9A1E7A4F7556}") = "MarkerService", "..\MarkerService\MarkerService.csproj", "{36BDC5DA-FE78-4F65-AFAD-CB687302A3E0}"
EndProject
Project("{9A19103F-16F7-4668-BE54-9A1E7A4F7556}") = "DBConvertor", "..\DBConvertor\DBConvertor.csproj", "{3B3D03A5-EA77-4C2F-818E-E73A8310129F}"
EndProject
Project("{9A19103F-16F7-4668-BE54-9A1E7A4F7556}") = "MarkersDal", "..\MarkersDal\MarkersDal.csproj", "{A2372D45-031F-4F46-95EF-E8E9A0C39AA1}"
EndProject
Project("{9A19103F-16F7-4668-BE54-9A1E7A4F7556}") = "SharedDal", "..\SharedDal\SharedDal.csproj", "{0C96EB42-174E-4E80-A25E-5D5F51A7A620}"
EndProject
Project("{9A19103F-16F7-4668-BE54-9A1E7A4F7556}") = "SharedService", "..\SharedService\SharedService.csproj", "{D02E922A-1DC2-45AA-BECC-B91309F33ACF}"
EndProject
Project("{9A19103F-16F7-4668-BE54-9A1E7A4F7556}") = "ValidationService", "..\ValidationService\ValidationService.csproj", "{57AC9673-A774-4906-AD5D-3D1180514BF4}"
EndProject
Project("{9A19103F-16F7-4668-BE54-9A1E7A4F7556}") = "WsAppService", "..\WsAppService\WsAppService.csproj", "{C2884681-F764-4E9B-9CC5-D9AC13C20BDB}"
EndProject
Project("{FAE04EC0-301F-11D3-BF4B-00C04F79EFBC}") = "MapDocToUsersService", "..\MapDocToUsersService\MapDocToUsersService.csproj", "{D4D08E3B-D5C7-48AA-967D-480E3825A655}"
EndProject
Global
	GlobalSection(SolutionConfigurationPlatforms) = preSolution
		Debug|Any CPU = Debug|Any CPU
		Release|Any CPU = Release|Any CPU
	EndGlobalSection
	GlobalSection(ProjectConfigurationPlatforms) = postSolution
		{F7369214-8DBC-4EC6-9FB5-50D02F9A62A7}.Debug|Any CPU.ActiveCfg = Debug|Any CPU
		{F7369214-8DBC-4EC6-9FB5-50D02F9A62A7}.Debug|Any CPU.Build.0 = Debug|Any CPU
		{F7369214-8DBC-4EC6-9FB5-50D02F9A62A7}.Release|Any CPU.ActiveCfg = Release|Any CPU
		{F7369214-8DBC-4EC6-9FB5-50D02F9A62A7}.Release|Any CPU.Build.0 = Release|Any CPU
		{B8FE2E01-3500-4CD3-B1B3-E7DDB3FB8AA9}.Debug|Any CPU.ActiveCfg = Debug|Any CPU
		{B8FE2E01-3500-4CD3-B1B3-E7DDB3FB8AA9}.Debug|Any CPU.Build.0 = Debug|Any CPU
		{B8FE2E01-3500-4CD3-B1B3-E7DDB3FB8AA9}.Release|Any CPU.ActiveCfg = Release|Any CPU
		{B8FE2E01-3500-4CD3-B1B3-E7DDB3FB8AA9}.Release|Any CPU.Build.0 = Release|Any CPU
		{D636C81A-BD13-4109-852F-963D7C9D762E}.Debug|Any CPU.ActiveCfg = Debug|Any CPU
		{D636C81A-BD13-4109-852F-963D7C9D762E}.Debug|Any CPU.Build.0 = Debug|Any CPU
		{D636C81A-BD13-4109-852F-963D7C9D762E}.Release|Any CPU.ActiveCfg = Release|Any CPU
		{D636C81A-BD13-4109-852F-963D7C9D762E}.Release|Any CPU.Build.0 = Release|Any CPU
		{4573989B-7AAA-4D54-9DAE-6AB2DA76AB5C}.Debug|Any CPU.ActiveCfg = Debug|Any CPU
		{4573989B-7AAA-4D54-9DAE-6AB2DA76AB5C}.Debug|Any CPU.Build.0 = Debug|Any CPU
		{4573989B-7AAA-4D54-9DAE-6AB2DA76AB5C}.Release|Any CPU.ActiveCfg = Release|Any CPU
		{4573989B-7AAA-4D54-9DAE-6AB2DA76AB5C}.Release|Any CPU.Build.0 = Release|Any CPU
		{984BA95D-EC2D-4C18-A5FD-F89499251A61}.Debug|Any CPU.ActiveCfg = Debug|Any CPU
		{984BA95D-EC2D-4C18-A5FD-F89499251A61}.Debug|Any CPU.Build.0 = Debug|Any CPU
		{984BA95D-EC2D-4C18-A5FD-F89499251A61}.Release|Any CPU.ActiveCfg = Release|Any CPU
		{984BA95D-EC2D-4C18-A5FD-F89499251A61}.Release|Any CPU.Build.0 = Release|Any CPU
		{65E511EA-D6DC-481F-A1C5-9FBB10C60C0D}.Debug|Any CPU.ActiveCfg = Debug|Any CPU
		{65E511EA-D6DC-481F-A1C5-9FBB10C60C0D}.Debug|Any CPU.Build.0 = Debug|Any CPU
		{65E511EA-D6DC-481F-A1C5-9FBB10C60C0D}.Release|Any CPU.ActiveCfg = Release|Any CPU
		{65E511EA-D6DC-481F-A1C5-9FBB10C60C0D}.Release|Any CPU.Build.0 = Release|Any CPU
		{F4BB27D2-30E0-47E4-98E0-C9D14B9D9E17}.Debug|Any CPU.ActiveCfg = Debug|Any CPU
		{F4BB27D2-30E0-47E4-98E0-C9D14B9D9E17}.Debug|Any CPU.Build.0 = Debug|Any CPU
		{F4BB27D2-30E0-47E4-98E0-C9D14B9D9E17}.Release|Any CPU.ActiveCfg = Release|Any CPU
		{F4BB27D2-30E0-47E4-98E0-C9D14B9D9E17}.Release|Any CPU.Build.0 = Release|Any CPU
		{8A983986-8E0F-499E-8461-EBEC34ACEE63}.Debug|Any CPU.ActiveCfg = Debug|Any CPU
		{8A983986-8E0F-499E-8461-EBEC34ACEE63}.Debug|Any CPU.Build.0 = Debug|Any CPU
		{8A983986-8E0F-499E-8461-EBEC34ACEE63}.Release|Any CPU.ActiveCfg = Release|Any CPU
		{8A983986-8E0F-499E-8461-EBEC34ACEE63}.Release|Any CPU.Build.0 = Release|Any CPU
		{DB4568AF-C08C-4DC7-8B25-D0DDC8B26860}.Debug|Any CPU.ActiveCfg = Debug|Any CPU
		{DB4568AF-C08C-4DC7-8B25-D0DDC8B26860}.Debug|Any CPU.Build.0 = Debug|Any CPU
		{DB4568AF-C08C-4DC7-8B25-D0DDC8B26860}.Release|Any CPU.ActiveCfg = Release|Any CPU
		{DB4568AF-C08C-4DC7-8B25-D0DDC8B26860}.Release|Any CPU.Build.0 = Release|Any CPU
		{36BDC5DA-FE78-4F65-AFAD-CB687302A3E0}.Debug|Any CPU.ActiveCfg = Debug|Any CPU
		{36BDC5DA-FE78-4F65-AFAD-CB687302A3E0}.Debug|Any CPU.Build.0 = Debug|Any CPU
		{36BDC5DA-FE78-4F65-AFAD-CB687302A3E0}.Release|Any CPU.ActiveCfg = Release|Any CPU
		{36BDC5DA-FE78-4F65-AFAD-CB687302A3E0}.Release|Any CPU.Build.0 = Release|Any CPU
		{3B3D03A5-EA77-4C2F-818E-E73A8310129F}.Debug|Any CPU.ActiveCfg = Debug|Any CPU
		{3B3D03A5-EA77-4C2F-818E-E73A8310129F}.Debug|Any CPU.Build.0 = Debug|Any CPU
		{3B3D03A5-EA77-4C2F-818E-E73A8310129F}.Release|Any CPU.ActiveCfg = Release|Any CPU
		{3B3D03A5-EA77-4C2F-818E-E73A8310129F}.Release|Any CPU.Build.0 = Release|Any CPU
		{A2372D45-031F-4F46-95EF-E8E9A0C39AA1}.Debug|Any CPU.ActiveCfg = Debug|Any CPU
		{A2372D45-031F-4F46-95EF-E8E9A0C39AA1}.Debug|Any CPU.Build.0 = Debug|Any CPU
		{A2372D45-031F-4F46-95EF-E8E9A0C39AA1}.Release|Any CPU.ActiveCfg = Release|Any CPU
		{A2372D45-031F-4F46-95EF-E8E9A0C39AA1}.Release|Any CPU.Build.0 = Release|Any CPU
		{0C96EB42-174E-4E80-A25E-5D5F51A7A620}.Debug|Any CPU.ActiveCfg = Debug|Any CPU
		{0C96EB42-174E-4E80-A25E-5D5F51A7A620}.Debug|Any CPU.Build.0 = Debug|Any CPU
		{0C96EB42-174E-4E80-A25E-5D5F51A7A620}.Release|Any CPU.ActiveCfg = Release|Any CPU
		{0C96EB42-174E-4E80-A25E-5D5F51A7A620}.Release|Any CPU.Build.0 = Release|Any CPU
		{D02E922A-1DC2-45AA-BECC-B91309F33ACF}.Debug|Any CPU.ActiveCfg = Debug|Any CPU
		{D02E922A-1DC2-45AA-BECC-B91309F33ACF}.Debug|Any CPU.Build.0 = Debug|Any CPU
		{D02E922A-1DC2-45AA-BECC-B91309F33ACF}.Release|Any CPU.ActiveCfg = Release|Any CPU
		{D02E922A-1DC2-45AA-BECC-B91309F33ACF}.Release|Any CPU.Build.0 = Release|Any CPU
		{57AC9673-A774-4906-AD5D-3D1180514BF4}.Debug|Any CPU.ActiveCfg = Debug|Any CPU
		{57AC9673-A774-4906-AD5D-3D1180514BF4}.Debug|Any CPU.Build.0 = Debug|Any CPU
		{57AC9673-A774-4906-AD5D-3D1180514BF4}.Release|Any CPU.ActiveCfg = Release|Any CPU
		{57AC9673-A774-4906-AD5D-3D1180514BF4}.Release|Any CPU.Build.0 = Release|Any CPU
		{C2884681-F764-4E9B-9CC5-D9AC13C20BDB}.Debug|Any CPU.ActiveCfg = Debug|Any CPU
		{C2884681-F764-4E9B-9CC5-D9AC13C20BDB}.Debug|Any CPU.Build.0 = Debug|Any CPU
		{C2884681-F764-4E9B-9CC5-D9AC13C20BDB}.Release|Any CPU.ActiveCfg = Release|Any CPU
		{C2884681-F764-4E9B-9CC5-D9AC13C20BDB}.Release|Any CPU.Build.0 = Release|Any CPU
		{D4D08E3B-D5C7-48AA-967D-480E3825A655}.Debug|Any CPU.ActiveCfg = Debug|Any CPU
		{D4D08E3B-D5C7-48AA-967D-480E3825A655}.Debug|Any CPU.Build.0 = Debug|Any CPU
		{D4D08E3B-D5C7-48AA-967D-480E3825A655}.Release|Any CPU.ActiveCfg = Release|Any CPU
		{D4D08E3B-D5C7-48AA-967D-480E3825A655}.Release|Any CPU.Build.0 = Release|Any CPU
	EndGlobalSection
	GlobalSection(SolutionProperties) = preSolution
		HideSolutionNode = FALSE
	EndGlobalSection
	GlobalSection(NestedProjects) = preSolution
		{D636C81A-BD13-4109-852F-963D7C9D762E} = {2BC34387-6248-4BC2-8EB5-32BD6DDBC809}
		{4573989B-7AAA-4D54-9DAE-6AB2DA76AB5C} = {26698CCA-2202-4442-8F8A-6A1288496932}
		{984BA95D-EC2D-4C18-A5FD-F89499251A61} = {26698CCA-2202-4442-8F8A-6A1288496932}
		{65E511EA-D6DC-481F-A1C5-9FBB10C60C0D} = {26698CCA-2202-4442-8F8A-6A1288496932}
		{F4BB27D2-30E0-47E4-98E0-C9D14B9D9E17} = {2BC34387-6248-4BC2-8EB5-32BD6DDBC809}
		{8A983986-8E0F-499E-8461-EBEC34ACEE63} = {2BC34387-6248-4BC2-8EB5-32BD6DDBC809}
		{DB4568AF-C08C-4DC7-8B25-D0DDC8B26860} = {2BC34387-6248-4BC2-8EB5-32BD6DDBC809}
		{36BDC5DA-FE78-4F65-AFAD-CB687302A3E0} = {2BC34387-6248-4BC2-8EB5-32BD6DDBC809}
		{3B3D03A5-EA77-4C2F-818E-E73A8310129F} = {2BC34387-6248-4BC2-8EB5-32BD6DDBC809}
		{A2372D45-031F-4F46-95EF-E8E9A0C39AA1} = {26698CCA-2202-4442-8F8A-6A1288496932}
		{0C96EB42-174E-4E80-A25E-5D5F51A7A620} = {26698CCA-2202-4442-8F8A-6A1288496932}
		{D02E922A-1DC2-45AA-BECC-B91309F33ACF} = {2BC34387-6248-4BC2-8EB5-32BD6DDBC809}
		{57AC9673-A774-4906-AD5D-3D1180514BF4} = {2BC34387-6248-4BC2-8EB5-32BD6DDBC809}
		{C2884681-F764-4E9B-9CC5-D9AC13C20BDB} = {2BC34387-6248-4BC2-8EB5-32BD6DDBC809}
		{D4D08E3B-D5C7-48AA-967D-480E3825A655} = {2BC34387-6248-4BC2-8EB5-32BD6DDBC809}
	EndGlobalSection
	GlobalSection(ExtensibilityGlobals) = postSolution
		SolutionGuid = {B85F8CC9-5FD5-4BB5-B2D4-F7B62B2AC4D7}
	EndGlobalSection
EndGlobal
